
Microsoft Visual Studio Solution File, Format Version 12.00
# Visual Studio Version 17
VisualStudioVersion = 17.10.34928.147
MinimumVisualStudioVersion = 10.0.40219.1
Project("{FAE04EC0-301F-11D3-BF4B-00C04F79EFBC}") = "firsrApi", "firsrApi\firsrApi.csproj", "{A474BA11-FC54-49BF-A897-2BD8ED364D2D}"
EndProject
Global
	GlobalSection(SolutionConfigurationPlatforms) = preSolution
		Debug|Any CPU = Debug|Any CPU
		Release|Any CPU = Release|Any CPU
	EndGlobalSection
	GlobalSection(ProjectConfigurationPlatforms) = postSolution
		{A474BA11-FC54-49BF-A897-2BD8ED364D2D}.Debug|Any CPU.ActiveCfg = Debug|Any CPU
		{A474BA11-FC54-49BF-A897-2BD8ED364D2D}.Debug|Any CPU.Build.0 = Debug|Any CPU
		{A474BA11-FC54-49BF-A897-2BD8ED364D2D}.Release|Any CPU.ActiveCfg = Release|Any CPU
		{A474BA11-FC54-49BF-A897-2BD8ED364D2D}.Release|Any CPU.Build.0 = Release|Any CPU
	EndGlobalSection
	GlobalSection(SolutionProperties) = preSolution
		HideSolutionNode = FALSE
	EndGlobalSection
	GlobalSection(ExtensibilityGlobals) = postSolution
		SolutionGuid = {DB23B2C2-B7F7-4679-B903-7E65A041967F}
	EndGlobalSection
EndGlobal
